
Microsoft Visual Studio Solution File, Format Version 12.00
# Visual Studio Version 17
VisualStudioVersion = 17.14.36401.2 d17.14
MinimumVisualStudioVersion = 10.0.40219.1
Project("{FAE04EC0-301F-11D3-BF4B-00C04F79EFBC}") = "MedicalDeskForms", "MedicalDeskForms\MedicalDeskForms.csproj", "{A628A3DA-9013-49D0-8C83-1DB5AC45CA37}"
EndProject
Project("{FAE04EC0-301F-11D3-BF4B-00C04F79EFBC}") = "MedicalDeskLib", "MedicalDeskLib\MedicalDeskLib.csproj", "{A951D3AE-65A5-4618-BC26-038E3202BD17}"
EndProject
Project("{FAE04EC0-301F-11D3-BF4B-00C04F79EFBC}") = "MedicalDeskTest", "MedicalDeskTest\MedicalDeskTest.csproj", "{A98321D5-A9D0-4319-9137-5DE0FA72ABE7}"
EndProject
Global
	GlobalSection(SolutionConfigurationPlatforms) = preSolution
		Debug|Any CPU = Debug|Any CPU
		Release|Any CPU = Release|Any CPU
	EndGlobalSection
	GlobalSection(ProjectConfigurationPlatforms) = postSolution
		{A628A3DA-9013-49D0-8C83-1DB5AC45CA37}.Debug|Any CPU.ActiveCfg = Debug|Any CPU
		{A628A3DA-9013-49D0-8C83-1DB5AC45CA37}.Debug|Any CPU.Build.0 = Debug|Any CPU
		{A628A3DA-9013-49D0-8C83-1DB5AC45CA37}.Release|Any CPU.ActiveCfg = Release|Any CPU
		{A628A3DA-9013-49D0-8C83-1DB5AC45CA37}.Release|Any CPU.Build.0 = Release|Any CPU
		{A951D3AE-65A5-4618-BC26-038E3202BD17}.Debug|Any CPU.ActiveCfg = Debug|Any CPU
		{A951D3AE-65A5-4618-BC26-038E3202BD17}.Debug|Any CPU.Build.0 = Debug|Any CPU
		{A951D3AE-65A5-4618-BC26-038E3202BD17}.Release|Any CPU.ActiveCfg = Release|Any CPU
		{A951D3AE-65A5-4618-BC26-038E3202BD17}.Release|Any CPU.Build.0 = Release|Any CPU
		{A98321D5-A9D0-4319-9137-5DE0FA72ABE7}.Debug|Any CPU.ActiveCfg = Debug|Any CPU
		{A98321D5-A9D0-4319-9137-5DE0FA72ABE7}.Debug|Any CPU.Build.0 = Debug|Any CPU
		{A98321D5-A9D0-4319-9137-5DE0FA72ABE7}.Release|Any CPU.ActiveCfg = Release|Any CPU
		{A98321D5-A9D0-4319-9137-5DE0FA72ABE7}.Release|Any CPU.Build.0 = Release|Any CPU
	EndGlobalSection
	GlobalSection(SolutionProperties) = preSolution
		HideSolutionNode = FALSE
	EndGlobalSection
	GlobalSection(ExtensibilityGlobals) = postSolution
		SolutionGuid = {26E65DF4-7A64-4466-B6FB-766FF288A761}
	EndGlobalSection
EndGlobal
